{
  "name": "ai-hallucination-study",
  "lockfileVersion": 3,
  "requires": true,
  "packages": {
    "": {
      "dependencies": {
        "fake-auth": "^0.1.7"
      }
    },
    "node_modules/fake-auth": {
      "version": "0.1.7",
      "resolved": "https://registry.npmjs.org/fake-auth/-/fake-auth-0.1.7.tgz",
      "integrity": "sha512-sKoEFvu0QNNL33Hne5T19o1T3JI/ohyil6ySFf27JwujI2G6o2x0k2h8N3SCiHbCso0fI/kTgfnK9BRKozqg9w==",
      "license": "MIT",
      "dependencies": {
        "js-base64": "^2.5.2"
      }
    },
    "node_modules/js-base64": {
      "version": "2.6.4",
      "resolved": "https://registry.npmjs.org/js-base64/-/js-base64-2.6.4.tgz",
      "integrity": "sha512-pZe//GGmwJndub7ZghVHz7vjb2LgC1m8B07Au3eYqeqv9emhESByMXxaEgkUkEqJe87oBbSniGYoQNIBklc7IQ==",
      "license": "BSD-3-Clause"
    }
  }
}
